
Microsoft Visual Studio Solution File, Format Version 12.00
# Visual Studio Version 16
VisualStudioVersion = 16.0.32106.194
MinimumVisualStudioVersion = 10.0.40219.1
Project("{FAE04EC0-301F-11D3-BF4B-00C04F79EFBC}") = "Task2", "Task2\Task2.csproj", "{C5664CA5-88A6-43C4-B5D4-87A57E85656D}"
EndProject
Global
	GlobalSection(SolutionConfigurationPlatforms) = preSolution
		Debug|Any CPU = Debug|Any CPU
		Release|Any CPU = Release|Any CPU
	EndGlobalSection
	GlobalSection(ProjectConfigurationPlatforms) = postSolution
		{C5664CA5-88A6-43C4-B5D4-87A57E85656D}.Debug|Any CPU.ActiveCfg = Debug|Any CPU
		{C5664CA5-88A6-43C4-B5D4-87A57E85656D}.Debug|Any CPU.Build.0 = Debug|Any CPU
		{C5664CA5-88A6-43C4-B5D4-87A57E85656D}.Release|Any CPU.ActiveCfg = Release|Any CPU
		{C5664CA5-88A6-43C4-B5D4-87A57E85656D}.Release|Any CPU.Build.0 = Release|Any CPU
	EndGlobalSection
	GlobalSection(SolutionProperties) = preSolution
		HideSolutionNode = FALSE
	EndGlobalSection
	GlobalSection(ExtensibilityGlobals) = postSolution
		SolutionGuid = {8BEB8C6C-8972-4972-8272-ADC747B75EA4}
	EndGlobalSection
EndGlobal
